# This file is automatically @generated by Cargo.
# It is not intended for manual editing.
version = 4

[[package]]
name = "chess"
version = "0.1.0"

[[package]]
name = "engine"
version = "0.1.0"
dependencies = [
 "libengine",
]

[[package]]
name = "haze"
version = "0.1.0"
dependencies = [
 "libengine",
]

[[package]]
name = "libengine"
version = "0.1.0"
dependencies = [
 "chess",
]

[[package]]
name = "tournament"
version = "0.1.0"
